
Microsoft Visual Studio Solution File, Format Version 12.00
# Visual Studio 14
VisualStudioVersion = 14.0.25420.1
MinimumVisualStudioVersion = 10.0.40219.1
Project("{FAE04EC0-301F-11D3-BF4B-00C04F79EFBC}") = "Sinantrop.Logger.Example", "Sinantrop.Logger.Example\Sinantrop.Logger.Example.csproj", "{F7D47311-9F2F-4986-951D-846A7A586B4B}"
EndProject
Project("{FAE04EC0-301F-11D3-BF4B-00C04F79EFBC}") = "Sinantrop.Logger", "Sinantrop.Logger\Sinantrop.Logger.csproj", "{C4B4948A-0F90-403B-9F54-75C70FF84B53}"
EndProject
Global
	GlobalSection(SolutionConfigurationPlatforms) = preSolution
		Debug|Any CPU = Debug|Any CPU
		Release|Any CPU = Release|Any CPU
	EndGlobalSection
	GlobalSection(ProjectConfigurationPlatforms) = postSolution
		{F7D47311-9F2F-4986-951D-846A7A586B4B}.Debug|Any CPU.ActiveCfg = Debug|Any CPU
		{F7D47311-9F2F-4986-951D-846A7A586B4B}.Debug|Any CPU.Build.0 = Debug|Any CPU
		{F7D47311-9F2F-4986-951D-846A7A586B4B}.Release|Any CPU.ActiveCfg = Release|Any CPU
		{F7D47311-9F2F-4986-951D-846A7A586B4B}.Release|Any CPU.Build.0 = Release|Any CPU
		{C4B4948A-0F90-403B-9F54-75C70FF84B53}.Debug|Any CPU.ActiveCfg = Debug|Any CPU
		{C4B4948A-0F90-403B-9F54-75C70FF84B53}.Debug|Any CPU.Build.0 = Debug|Any CPU
		{C4B4948A-0F90-403B-9F54-75C70FF84B53}.Release|Any CPU.ActiveCfg = Release|Any CPU
		{C4B4948A-0F90-403B-9F54-75C70FF84B53}.Release|Any CPU.Build.0 = Release|Any CPU
	EndGlobalSection
	GlobalSection(SolutionProperties) = preSolution
		HideSolutionNode = FALSE
	EndGlobalSection
EndGlobal
